
Microsoft Visual Studio Solution File, Format Version 12.00
# Visual Studio Version 16
VisualStudioVersion = 16.0.29201.188
MinimumVisualStudioVersion = 10.0.40219.1
Project("{9A19103F-16F7-4668-BE54-9A1E7A4F7556}") = "InDesignInterface", "InDesign\InDesignInterface.csproj", "{A87FB8E3-D5C9-4EAE-A25D-1FE7437DF659}"
EndProject
Project("{9A19103F-16F7-4668-BE54-9A1E7A4F7556}") = "InDesignRepository", "InDesingRepository\InDesignRepository.csproj", "{BADE04FA-7E55-495B-A873-1E82E0293284}"
EndProject
Project("{9A19103F-16F7-4668-BE54-9A1E7A4F7556}") = "InDesignModel", "InDesingModel\InDesignModel.csproj", "{35A72DC0-A12F-44F5-9EF9-4CF10C6965C5}"
EndProject
Project("{9A19103F-16F7-4668-BE54-9A1E7A4F7556}") = "InDesignDomain", "InDesingDomain\InDesignDomain.csproj", "{7F0C8D5E-D786-45FD-992D-0025934B432C}"
EndProject
Project("{9A19103F-16F7-4668-BE54-9A1E7A4F7556}") = "InDesignApplication", "InDesignApplication\InDesignApplication.csproj", "{87751046-7E1A-47A1-94B7-7891E43BB29A}"
EndProject
Project("{2150E333-8FDC-42A3-9474-1A3956D46DE8}") = "1- Services Web", "1- Services Web", "{36030DAB-C2BB-490A-9BA8-F330700513F2}"
EndProject
Project("{2150E333-8FDC-42A3-9474-1A3956D46DE8}") = "2- Server Faces", "2- Server Faces", "{A89D457A-0E28-4ADD-820E-14107F8D7E97}"
EndProject
Project("{2150E333-8FDC-42A3-9474-1A3956D46DE8}") = "3- Server Domain", "3- Server Domain", "{0EBF4C7B-0D02-4946-9377-C1E5F11D7BE1}"
EndProject
Project("{2150E333-8FDC-42A3-9474-1A3956D46DE8}") = "4- Server Repository", "4- Server Repository", "{99A1D083-D92D-4B7C-8C38-3ED5FCE6376C}"
EndProject
Project("{FAE04EC0-301F-11D3-BF4B-00C04F79EFBC}") = "InDesignWCF", "InDesignWCF\InDesignWCF.csproj", "{2139D629-31AB-40FA-BC2F-641961045A6A}"
EndProject
Project("{9A19103F-16F7-4668-BE54-9A1E7A4F7556}") = "InDesignREST", "InDesignREST\InDesignREST.csproj", "{77FDA815-EDF2-4B6F-BC3E-7E763993AAFF}"
EndProject
Project("{FAE04EC0-301F-11D3-BF4B-00C04F79EFBC}") = "InDesignEntity", "InDesignEntity\InDesignEntity.csproj", "{C0F94241-7C84-44FD-9110-270FFDFF7F31}"
EndProject
Project("{2150E333-8FDC-42A3-9474-1A3956D46DE8}") = "5- Server DTO", "5- Server DTO", "{BF3F13B0-42ED-457A-BA88-874E80A7698A}"
EndProject
Project("{FAE04EC0-301F-11D3-BF4B-00C04F79EFBC}") = "InDesignDTO", "InDesignDTO\InDesignDTO.csproj", "{1CBD00EF-0B3E-46BD-90BA-90BA8B5D49DD}"
EndProject
Global
	GlobalSection(SolutionConfigurationPlatforms) = preSolution
		Debug|Any CPU = Debug|Any CPU
		Release|Any CPU = Release|Any CPU
	EndGlobalSection
	GlobalSection(ProjectConfigurationPlatforms) = postSolution
		{A87FB8E3-D5C9-4EAE-A25D-1FE7437DF659}.Debug|Any CPU.ActiveCfg = Debug|Any CPU
		{A87FB8E3-D5C9-4EAE-A25D-1FE7437DF659}.Debug|Any CPU.Build.0 = Debug|Any CPU
		{A87FB8E3-D5C9-4EAE-A25D-1FE7437DF659}.Release|Any CPU.ActiveCfg = Release|Any CPU
		{A87FB8E3-D5C9-4EAE-A25D-1FE7437DF659}.Release|Any CPU.Build.0 = Release|Any CPU
		{BADE04FA-7E55-495B-A873-1E82E0293284}.Debug|Any CPU.ActiveCfg = Debug|Any CPU
		{BADE04FA-7E55-495B-A873-1E82E0293284}.Debug|Any CPU.Build.0 = Debug|Any CPU
		{BADE04FA-7E55-495B-A873-1E82E0293284}.Release|Any CPU.ActiveCfg = Release|Any CPU
		{BADE04FA-7E55-495B-A873-1E82E0293284}.Release|Any CPU.Build.0 = Release|Any CPU
		{35A72DC0-A12F-44F5-9EF9-4CF10C6965C5}.Debug|Any CPU.ActiveCfg = Debug|Any CPU
		{35A72DC0-A12F-44F5-9EF9-4CF10C6965C5}.Debug|Any CPU.Build.0 = Debug|Any CPU
		{35A72DC0-A12F-44F5-9EF9-4CF10C6965C5}.Release|Any CPU.ActiveCfg = Release|Any CPU
		{35A72DC0-A12F-44F5-9EF9-4CF10C6965C5}.Release|Any CPU.Build.0 = Release|Any CPU
		{7F0C8D5E-D786-45FD-992D-0025934B432C}.Debug|Any CPU.ActiveCfg = Debug|Any CPU
		{7F0C8D5E-D786-45FD-992D-0025934B432C}.Debug|Any CPU.Build.0 = Debug|Any CPU
		{7F0C8D5E-D786-45FD-992D-0025934B432C}.Release|Any CPU.ActiveCfg = Release|Any CPU
		{7F0C8D5E-D786-45FD-992D-0025934B432C}.Release|Any CPU.Build.0 = Release|Any CPU
		{87751046-7E1A-47A1-94B7-7891E43BB29A}.Debug|Any CPU.ActiveCfg = Debug|Any CPU
		{87751046-7E1A-47A1-94B7-7891E43BB29A}.Debug|Any CPU.Build.0 = Debug|Any CPU
		{87751046-7E1A-47A1-94B7-7891E43BB29A}.Release|Any CPU.ActiveCfg = Release|Any CPU
		{87751046-7E1A-47A1-94B7-7891E43BB29A}.Release|Any CPU.Build.0 = Release|Any CPU
		{2139D629-31AB-40FA-BC2F-641961045A6A}.Debug|Any CPU.ActiveCfg = Debug|Any CPU
		{2139D629-31AB-40FA-BC2F-641961045A6A}.Debug|Any CPU.Build.0 = Debug|Any CPU
		{2139D629-31AB-40FA-BC2F-641961045A6A}.Release|Any CPU.ActiveCfg = Release|Any CPU
		{2139D629-31AB-40FA-BC2F-641961045A6A}.Release|Any CPU.Build.0 = Release|Any CPU
		{77FDA815-EDF2-4B6F-BC3E-7E763993AAFF}.Debug|Any CPU.ActiveCfg = Debug|Any CPU
		{77FDA815-EDF2-4B6F-BC3E-7E763993AAFF}.Debug|Any CPU.Build.0 = Debug|Any CPU
		{77FDA815-EDF2-4B6F-BC3E-7E763993AAFF}.Release|Any CPU.ActiveCfg = Release|Any CPU
		{77FDA815-EDF2-4B6F-BC3E-7E763993AAFF}.Release|Any CPU.Build.0 = Release|Any CPU
		{C0F94241-7C84-44FD-9110-270FFDFF7F31}.Debug|Any CPU.ActiveCfg = Debug|Any CPU
		{C0F94241-7C84-44FD-9110-270FFDFF7F31}.Debug|Any CPU.Build.0 = Debug|Any CPU
		{C0F94241-7C84-44FD-9110-270FFDFF7F31}.Release|Any CPU.ActiveCfg = Release|Any CPU
		{C0F94241-7C84-44FD-9110-270FFDFF7F31}.Release|Any CPU.Build.0 = Release|Any CPU
		{1CBD00EF-0B3E-46BD-90BA-90BA8B5D49DD}.Debug|Any CPU.ActiveCfg = Debug|Any CPU
		{1CBD00EF-0B3E-46BD-90BA-90BA8B5D49DD}.Debug|Any CPU.Build.0 = Debug|Any CPU
		{1CBD00EF-0B3E-46BD-90BA-90BA8B5D49DD}.Release|Any CPU.ActiveCfg = Release|Any CPU
		{1CBD00EF-0B3E-46BD-90BA-90BA8B5D49DD}.Release|Any CPU.Build.0 = Release|Any CPU
	EndGlobalSection
	GlobalSection(SolutionProperties) = preSolution
		HideSolutionNode = FALSE
	EndGlobalSection
	GlobalSection(NestedProjects) = preSolution
		{A87FB8E3-D5C9-4EAE-A25D-1FE7437DF659} = {0EBF4C7B-0D02-4946-9377-C1E5F11D7BE1}
		{BADE04FA-7E55-495B-A873-1E82E0293284} = {99A1D083-D92D-4B7C-8C38-3ED5FCE6376C}
		{35A72DC0-A12F-44F5-9EF9-4CF10C6965C5} = {99A1D083-D92D-4B7C-8C38-3ED5FCE6376C}
		{7F0C8D5E-D786-45FD-992D-0025934B432C} = {0EBF4C7B-0D02-4946-9377-C1E5F11D7BE1}
		{87751046-7E1A-47A1-94B7-7891E43BB29A} = {A89D457A-0E28-4ADD-820E-14107F8D7E97}
		{2139D629-31AB-40FA-BC2F-641961045A6A} = {36030DAB-C2BB-490A-9BA8-F330700513F2}
		{77FDA815-EDF2-4B6F-BC3E-7E763993AAFF} = {36030DAB-C2BB-490A-9BA8-F330700513F2}
		{C0F94241-7C84-44FD-9110-270FFDFF7F31} = {99A1D083-D92D-4B7C-8C38-3ED5FCE6376C}
		{1CBD00EF-0B3E-46BD-90BA-90BA8B5D49DD} = {BF3F13B0-42ED-457A-BA88-874E80A7698A}
	EndGlobalSection
	GlobalSection(ExtensibilityGlobals) = postSolution
		SolutionGuid = {9B2FD100-D006-4B4C-B094-8A4BB847A707}
	EndGlobalSection
EndGlobal
